
Microsoft Visual Studio Solution File, Format Version 12.00
# Visual Studio Version 17
VisualStudioVersion = 17.14.36915.13
MinimumVisualStudioVersion = 10.0.40219.1
Project("{FAE04EC0-301F-11D3-BF4B-00C04F79EFBC}") = "GiftoftheGivers", "GiftoftheGivers.csproj", "{87583256-1DEF-4565-9441-4FADF82F0A8D}"
EndProject
Project("{FAE04EC0-301F-11D3-BF4B-00C04F79EFBC}") = "GiftoftheGivers.Functions", "..\GiftoftheGivers.Functions\GiftoftheGivers.Functions.csproj", "{B0870108-FEFB-44F6-96A8-236CF2169DB0}"
EndProject
Project("{FAE04EC0-301F-11D3-BF4B-00C04F79EFBC}") = "GiftoftheGivers.Helpers", "..\GiftoftheGivers.Helpers\GiftoftheGivers.Helpers.csproj", "{6706CEB3-FB69-4FAD-A20C-0C688A82023A}"
EndProject
Project("{2150E333-8FDC-42A3-9474-1A3956D46DE8}") = "Solution Items", "Solution Items", "{8EC462FD-D22E-90A8-E5CE-7E832BA40C5D}"
	ProjectSection(SolutionItems) = preProject
		azure-pipelines.yml = azure-pipelines.yml
	EndProjectSection
EndProject
Global
	GlobalSection(SolutionConfigurationPlatforms) = preSolution
		Debug|Any CPU = Debug|Any CPU
		Release|Any CPU = Release|Any CPU
	EndGlobalSection
	GlobalSection(ProjectConfigurationPlatforms) = postSolution
		{87583256-1DEF-4565-9441-4FADF82F0A8D}.Debug|Any CPU.ActiveCfg = Debug|Any CPU
		{87583256-1DEF-4565-9441-4FADF82F0A8D}.Debug|Any CPU.Build.0 = Debug|Any CPU
		{87583256-1DEF-4565-9441-4FADF82F0A8D}.Release|Any CPU.ActiveCfg = Release|Any CPU
		{87583256-1DEF-4565-9441-4FADF82F0A8D}.Release|Any CPU.Build.0 = Release|Any CPU
		{B0870108-FEFB-44F6-96A8-236CF2169DB0}.Debug|Any CPU.ActiveCfg = Debug|Any CPU
		{B0870108-FEFB-44F6-96A8-236CF2169DB0}.Debug|Any CPU.Build.0 = Debug|Any CPU
		{B0870108-FEFB-44F6-96A8-236CF2169DB0}.Release|Any CPU.ActiveCfg = Release|Any CPU
		{B0870108-FEFB-44F6-96A8-236CF2169DB0}.Release|Any CPU.Build.0 = Release|Any CPU
		{6706CEB3-FB69-4FAD-A20C-0C688A82023A}.Debug|Any CPU.ActiveCfg = Debug|Any CPU
		{6706CEB3-FB69-4FAD-A20C-0C688A82023A}.Debug|Any CPU.Build.0 = Debug|Any CPU
		{6706CEB3-FB69-4FAD-A20C-0C688A82023A}.Release|Any CPU.ActiveCfg = Release|Any CPU
		{6706CEB3-FB69-4FAD-A20C-0C688A82023A}.Release|Any CPU.Build.0 = Release|Any CPU
	EndGlobalSection
	GlobalSection(SolutionProperties) = preSolution
		HideSolutionNode = FALSE
	EndGlobalSection
	GlobalSection(ExtensibilityGlobals) = postSolution
		SolutionGuid = {194215EE-51A7-4AF7-91A0-932C47F8D620}
	EndGlobalSection
EndGlobal
